
Microsoft Visual Studio Solution File, Format Version 12.00
# Visual Studio 15
VisualStudioVersion = 15.0.27428.1
MinimumVisualStudioVersion = 10.0.40219.1
Project("{8BC9CEB8-8B4A-11D0-8D11-00A0C91BC942}") = "Reactiongame", "Reactiongame\Reactiongame.vcxproj", "{C6068710-4C15-4827-BEE3-112309CD63C5}"
EndProject
Global
	GlobalSection(SolutionConfigurationPlatforms) = preSolution
		Debug|ARM = Debug|ARM
		Release|ARM = Release|ARM
	EndGlobalSection
	GlobalSection(ProjectConfigurationPlatforms) = postSolution
		{C6068710-4C15-4827-BEE3-112309CD63C5}.Debug|ARM.ActiveCfg = Debug|ARM
		{C6068710-4C15-4827-BEE3-112309CD63C5}.Debug|ARM.Build.0 = Debug|ARM
		{C6068710-4C15-4827-BEE3-112309CD63C5}.Release|ARM.ActiveCfg = Release|ARM
		{C6068710-4C15-4827-BEE3-112309CD63C5}.Release|ARM.Build.0 = Release|ARM
	EndGlobalSection
	GlobalSection(SolutionProperties) = preSolution
		HideSolutionNode = FALSE
	EndGlobalSection
	GlobalSection(ExtensibilityGlobals) = postSolution
		SolutionGuid = {962FA328-266C-4F38-A5FD-6C375CDE19B9}
	EndGlobalSection
EndGlobal
